
Microsoft Visual Studio Solution File, Format Version 12.00
# Visual Studio 15
VisualStudioVersion = 15.0.28307.572
MinimumVisualStudioVersion = 10.0.40219.1
Project("{FAE04EC0-301F-11D3-BF4B-00C04F79EFBC}") = "OxyPlotTest.Android", "OxyPlotTest\OxyPlotTest.Android\OxyPlotTest.Android.csproj", "{A494DD18-537F-46E2-9A04-039AF41F1D5E}"
EndProject
Project("{FAE04EC0-301F-11D3-BF4B-00C04F79EFBC}") = "OxyPlotTest.iOS", "OxyPlotTest\OxyPlotTest.iOS\OxyPlotTest.iOS.csproj", "{644925A7-D9A9-4559-95C4-EED79A41FC38}"
EndProject
Project("{FAE04EC0-301F-11D3-BF4B-00C04F79EFBC}") = "OxyPlotTest", "OxyPlotTest\OxyPlotTest\OxyPlotTest.csproj", "{014A193D-18EE-416D-B1F1-D8FA473E2D95}"
EndProject
Global
	GlobalSection(SolutionConfigurationPlatforms) = preSolution
		Ad-Hoc|Any CPU = Ad-Hoc|Any CPU
		Ad-Hoc|iPhone = Ad-Hoc|iPhone
		Ad-Hoc|iPhoneSimulator = Ad-Hoc|iPhoneSimulator
		AppStore|Any CPU = AppStore|Any CPU
		AppStore|iPhone = AppStore|iPhone
		AppStore|iPhoneSimulator = AppStore|iPhoneSimulator
		Debug|Any CPU = Debug|Any CPU
		Debug|iPhone = Debug|iPhone
		Debug|iPhoneSimulator = Debug|iPhoneSimulator
		Release|Any CPU = Release|Any CPU
		Release|iPhone = Release|iPhone
		Release|iPhoneSimulator = Release|iPhoneSimulator
	EndGlobalSection
	GlobalSection(ProjectConfigurationPlatforms) = postSolution
		{A494DD18-537F-46E2-9A04-039AF41F1D5E}.Ad-Hoc|Any CPU.ActiveCfg = Release|Any CPU
		{A494DD18-537F-46E2-9A04-039AF41F1D5E}.Ad-Hoc|Any CPU.Build.0 = Release|Any CPU
		{A494DD18-537F-46E2-9A04-039AF41F1D5E}.Ad-Hoc|Any CPU.Deploy.0 = Release|Any CPU
		{A494DD18-537F-46E2-9A04-039AF41F1D5E}.Ad-Hoc|iPhone.ActiveCfg = Release|Any CPU
		{A494DD18-537F-46E2-9A04-039AF41F1D5E}.Ad-Hoc|iPhone.Build.0 = Release|Any CPU
		{A494DD18-537F-46E2-9A04-039AF41F1D5E}.Ad-Hoc|iPhone.Deploy.0 = Release|Any CPU
		{A494DD18-537F-46E2-9A04-039AF41F1D5E}.Ad-Hoc|iPhoneSimulator.ActiveCfg = Release|Any CPU
		{A494DD18-537F-46E2-9A04-039AF41F1D5E}.Ad-Hoc|iPhoneSimulator.Build.0 = Release|Any CPU
		{A494DD18-537F-46E2-9A04-039AF41F1D5E}.Ad-Hoc|iPhoneSimulator.Deploy.0 = Release|Any CPU
		{A494DD18-537F-46E2-9A04-039AF41F1D5E}.AppStore|Any CPU.ActiveCfg = Release|Any CPU
		{A494DD18-537F-46E2-9A04-039AF41F1D5E}.AppStore|Any CPU.Build.0 = Release|Any CPU
		{A494DD18-537F-46E2-9A04-039AF41F1D5E}.AppStore|Any CPU.Deploy.0 = Release|Any CPU
		{A494DD18-537F-46E2-9A04-039AF41F1D5E}.AppStore|iPhone.ActiveCfg = Release|Any CPU
		{A494DD18-537F-46E2-9A04-039AF41F1D5E}.AppStore|iPhone.Build.0 = Release|Any CPU
		{A494DD18-537F-46E2-9A04-039AF41F1D5E}.AppStore|iPhone.Deploy.0 = Release|Any CPU
		{A494DD18-537F-46E2-9A04-039AF41F1D5E}.AppStore|iPhoneSimulator.ActiveCfg = Release|Any CPU
		{A494DD18-537F-46E2-9A04-039AF41F1D5E}.AppStore|iPhoneSimulator.Build.0 = Release|Any CPU
		{A494DD18-537F-46E2-9A04-039AF41F1D5E}.AppStore|iPhoneSimulator.Deploy.0 = Release|Any CPU
		{A494DD18-537F-46E2-9A04-039AF41F1D5E}.Debug|Any CPU.ActiveCfg = Debug|Any CPU
		{A494DD18-537F-46E2-9A04-039AF41F1D5E}.Debug|Any CPU.Build.0 = Debug|Any CPU
		{A494DD18-537F-46E2-9A04-039AF41F1D5E}.Debug|Any CPU.Deploy.0 = Debug|Any CPU
		{A494DD18-537F-46E2-9A04-039AF41F1D5E}.Debug|iPhone.ActiveCfg = Debug|Any CPU
		{A494DD18-537F-46E2-9A04-039AF41F1D5E}.Debug|iPhone.Build.0 = Debug|Any CPU
		{A494DD18-537F-46E2-9A04-039AF41F1D5E}.Debug|iPhone.Deploy.0 = Debug|Any CPU
		{A494DD18-537F-46E2-9A04-039AF41F1D5E}.Debug|iPhoneSimulator.ActiveCfg = Debug|Any CPU
		{A494DD18-537F-46E2-9A04-039AF41F1D5E}.Debug|iPhoneSimulator.Build.0 = Debug|Any CPU
		{A494DD18-537F-46E2-9A04-039AF41F1D5E}.Debug|iPhoneSimulator.Deploy.0 = Debug|Any CPU
		{A494DD18-537F-46E2-9A04-039AF41F1D5E}.Release|Any CPU.ActiveCfg = Release|Any CPU
		{A494DD18-537F-46E2-9A04-039AF41F1D5E}.Release|Any CPU.Build.0 = Release|Any CPU
		{A494DD18-537F-46E2-9A04-039AF41F1D5E}.Release|Any CPU.Deploy.0 = Release|Any CPU
		{A494DD18-537F-46E2-9A04-039AF41F1D5E}.Release|iPhone.ActiveCfg = Release|Any CPU
		{A494DD18-537F-46E2-9A04-039AF41F1D5E}.Release|iPhone.Build.0 = Release|Any CPU
		{A494DD18-537F-46E2-9A04-039AF41F1D5E}.Release|iPhone.Deploy.0 = Release|Any CPU
		{A494DD18-537F-46E2-9A04-039AF41F1D5E}.Release|iPhoneSimulator.ActiveCfg = Release|Any CPU
		{A494DD18-537F-46E2-9A04-039AF41F1D5E}.Release|iPhoneSimulator.Build.0 = Release|Any CPU
		{A494DD18-537F-46E2-9A04-039AF41F1D5E}.Release|iPhoneSimulator.Deploy.0 = Release|Any CPU
		{644925A7-D9A9-4559-95C4-EED79A41FC38}.Ad-Hoc|Any CPU.ActiveCfg = Ad-Hoc|iPhone
		{644925A7-D9A9-4559-95C4-EED79A41FC38}.Ad-Hoc|Any CPU.Build.0 = Ad-Hoc|iPhone
		{644925A7-D9A9-4559-95C4-EED79A41FC38}.Ad-Hoc|Any CPU.Deploy.0 = Ad-Hoc|iPhone
		{644925A7-D9A9-4559-95C4-EED79A41FC38}.Ad-Hoc|iPhone.ActiveCfg = Ad-Hoc|iPhone
		{644925A7-D9A9-4559-95C4-EED79A41FC38}.Ad-Hoc|iPhone.Build.0 = Ad-Hoc|iPhone
		{644925A7-D9A9-4559-95C4-EED79A41FC38}.Ad-Hoc|iPhone.Deploy.0 = Ad-Hoc|iPhone
		{644925A7-D9A9-4559-95C4-EED79A41FC38}.Ad-Hoc|iPhoneSimulator.ActiveCfg = Ad-Hoc|iPhoneSimulator
		{644925A7-D9A9-4559-95C4-EED79A41FC38}.Ad-Hoc|iPhoneSimulator.Build.0 = Ad-Hoc|iPhoneSimulator
		{644925A7-D9A9-4559-95C4-EED79A41FC38}.Ad-Hoc|iPhoneSimulator.Deploy.0 = Ad-Hoc|iPhoneSimulator
		{644925A7-D9A9-4559-95C4-EED79A41FC38}.AppStore|Any CPU.ActiveCfg = AppStore|iPhone
		{644925A7-D9A9-4559-95C4-EED79A41FC38}.AppStore|Any CPU.Build.0 = AppStore|iPhone
		{644925A7-D9A9-4559-95C4-EED79A41FC38}.AppStore|Any CPU.Deploy.0 = AppStore|iPhone
		{644925A7-D9A9-4559-95C4-EED79A41FC38}.AppStore|iPhone.ActiveCfg = AppStore|iPhone
		{644925A7-D9A9-4559-95C4-EED79A41FC38}.AppStore|iPhone.Build.0 = AppStore|iPhone
		{644925A7-D9A9-4559-95C4-EED79A41FC38}.AppStore|iPhone.Deploy.0 = AppStore|iPhone
		{644925A7-D9A9-4559-95C4-EED79A41FC38}.AppStore|iPhoneSimulator.ActiveCfg = AppStore|iPhoneSimulator
		{644925A7-D9A9-4559-95C4-EED79A41FC38}.AppStore|iPhoneSimulator.Build.0 = AppStore|iPhoneSimulator
		{644925A7-D9A9-4559-95C4-EED79A41FC38}.AppStore|iPhoneSimulator.Deploy.0 = AppStore|iPhoneSimulator
		{644925A7-D9A9-4559-95C4-EED79A41FC38}.Debug|Any CPU.ActiveCfg = Debug|iPhoneSimulator
		{644925A7-D9A9-4559-95C4-EED79A41FC38}.Debug|Any CPU.Build.0 = Debug|iPhoneSimulator
		{644925A7-D9A9-4559-95C4-EED79A41FC38}.Debug|Any CPU.Deploy.0 = Debug|iPhoneSimulator
		{644925A7-D9A9-4559-95C4-EED79A41FC38}.Debug|iPhone.ActiveCfg = Debug|iPhone
		{644925A7-D9A9-4559-95C4-EED79A41FC38}.Debug|iPhone.Build.0 = Debug|iPhone
		{644925A7-D9A9-4559-95C4-EED79A41FC38}.Debug|iPhone.Deploy.0 = Debug|iPhone
		{644925A7-D9A9-4559-95C4-EED79A41FC38}.Debug|iPhoneSimulator.ActiveCfg = Debug|iPhoneSimulator
		{644925A7-D9A9-4559-95C4-EED79A41FC38}.Debug|iPhoneSimulator.Build.0 = Debug|iPhoneSimulator
		{644925A7-D9A9-4559-95C4-EED79A41FC38}.Debug|iPhoneSimulator.Deploy.0 = Debug|iPhoneSimulator
		{644925A7-D9A9-4559-95C4-EED79A41FC38}.Release|Any CPU.ActiveCfg = Release|iPhone
		{644925A7-D9A9-4559-95C4-EED79A41FC38}.Release|Any CPU.Build.0 = Release|iPhone
		{644925A7-D9A9-4559-95C4-EED79A41FC38}.Release|Any CPU.Deploy.0 = Release|iPhone
		{644925A7-D9A9-4559-95C4-EED79A41FC38}.Release|iPhone.ActiveCfg = Release|iPhone
		{644925A7-D9A9-4559-95C4-EED79A41FC38}.Release|iPhone.Build.0 = Release|iPhone
		{644925A7-D9A9-4559-95C4-EED79A41FC38}.Release|iPhone.Deploy.0 = Release|iPhone
		{644925A7-D9A9-4559-95C4-EED79A41FC38}.Release|iPhoneSimulator.ActiveCfg = Release|iPhoneSimulator
		{644925A7-D9A9-4559-95C4-EED79A41FC38}.Release|iPhoneSimulator.Build.0 = Release|iPhoneSimulator
		{644925A7-D9A9-4559-95C4-EED79A41FC38}.Release|iPhoneSimulator.Deploy.0 = Release|iPhoneSimulator
		{014A193D-18EE-416D-B1F1-D8FA473E2D95}.Ad-Hoc|Any CPU.ActiveCfg = Debug|Any CPU
		{014A193D-18EE-416D-B1F1-D8FA473E2D95}.Ad-Hoc|Any CPU.Build.0 = Debug|Any CPU
		{014A193D-18EE-416D-B1F1-D8FA473E2D95}.Ad-Hoc|Any CPU.Deploy.0 = Debug|Any CPU
		{014A193D-18EE-416D-B1F1-D8FA473E2D95}.Ad-Hoc|iPhone.ActiveCfg = Debug|Any CPU
		{014A193D-18EE-416D-B1F1-D8FA473E2D95}.Ad-Hoc|iPhone.Build.0 = Debug|Any CPU
		{014A193D-18EE-416D-B1F1-D8FA473E2D95}.Ad-Hoc|iPhone.Deploy.0 = Debug|Any CPU
		{014A193D-18EE-416D-B1F1-D8FA473E2D95}.Ad-Hoc|iPhoneSimulator.ActiveCfg = Debug|Any CPU
		{014A193D-18EE-416D-B1F1-D8FA473E2D95}.Ad-Hoc|iPhoneSimulator.Build.0 = Debug|Any CPU
		{014A193D-18EE-416D-B1F1-D8FA473E2D95}.Ad-Hoc|iPhoneSimulator.Deploy.0 = Debug|Any CPU
		{014A193D-18EE-416D-B1F1-D8FA473E2D95}.AppStore|Any CPU.ActiveCfg = Debug|Any CPU
		{014A193D-18EE-416D-B1F1-D8FA473E2D95}.AppStore|Any CPU.Build.0 = Debug|Any CPU
		{014A193D-18EE-416D-B1F1-D8FA473E2D95}.AppStore|Any CPU.Deploy.0 = Debug|Any CPU
		{014A193D-18EE-416D-B1F1-D8FA473E2D95}.AppStore|iPhone.ActiveCfg = Debug|Any CPU
		{014A193D-18EE-416D-B1F1-D8FA473E2D95}.AppStore|iPhone.Build.0 = Debug|Any CPU
		{014A193D-18EE-416D-B1F1-D8FA473E2D95}.AppStore|iPhone.Deploy.0 = Debug|Any CPU
		{014A193D-18EE-416D-B1F1-D8FA473E2D95}.AppStore|iPhoneSimulator.ActiveCfg = Debug|Any CPU
		{014A193D-18EE-416D-B1F1-D8FA473E2D95}.AppStore|iPhoneSimulator.Build.0 = Debug|Any CPU
		{014A193D-18EE-416D-B1F1-D8FA473E2D95}.AppStore|iPhoneSimulator.Deploy.0 = Debug|Any CPU
		{014A193D-18EE-416D-B1F1-D8FA473E2D95}.Debug|Any CPU.ActiveCfg = Debug|Any CPU
		{014A193D-18EE-416D-B1F1-D8FA473E2D95}.Debug|Any CPU.Build.0 = Debug|Any CPU
		{014A193D-18EE-416D-B1F1-D8FA473E2D95}.Debug|Any CPU.Deploy.0 = Debug|Any CPU
		{014A193D-18EE-416D-B1F1-D8FA473E2D95}.Debug|iPhone.ActiveCfg = Debug|Any CPU
		{014A193D-18EE-416D-B1F1-D8FA473E2D95}.Debug|iPhone.Build.0 = Debug|Any CPU
		{014A193D-18EE-416D-B1F1-D8FA473E2D95}.Debug|iPhone.Deploy.0 = Debug|Any CPU
		{014A193D-18EE-416D-B1F1-D8FA473E2D95}.Debug|iPhoneSimulator.ActiveCfg = Debug|Any CPU
		{014A193D-18EE-416D-B1F1-D8FA473E2D95}.Debug|iPhoneSimulator.Build.0 = Debug|Any CPU
		{014A193D-18EE-416D-B1F1-D8FA473E2D95}.Debug|iPhoneSimulator.Deploy.0 = Debug|Any CPU
		{014A193D-18EE-416D-B1F1-D8FA473E2D95}.Release|Any CPU.ActiveCfg = Release|Any CPU
		{014A193D-18EE-416D-B1F1-D8FA473E2D95}.Release|Any CPU.Build.0 = Release|Any CPU
		{014A193D-18EE-416D-B1F1-D8FA473E2D95}.Release|Any CPU.Deploy.0 = Release|Any CPU
		{014A193D-18EE-416D-B1F1-D8FA473E2D95}.Release|iPhone.ActiveCfg = Release|Any CPU
		{014A193D-18EE-416D-B1F1-D8FA473E2D95}.Release|iPhone.Build.0 = Release|Any CPU
		{014A193D-18EE-416D-B1F1-D8FA473E2D95}.Release|iPhone.Deploy.0 = Release|Any CPU
		{014A193D-18EE-416D-B1F1-D8FA473E2D95}.Release|iPhoneSimulator.ActiveCfg = Release|Any CPU
		{014A193D-18EE-416D-B1F1-D8FA473E2D95}.Release|iPhoneSimulator.Build.0 = Release|Any CPU
		{014A193D-18EE-416D-B1F1-D8FA473E2D95}.Release|iPhoneSimulator.Deploy.0 = Release|Any CPU
	EndGlobalSection
	GlobalSection(SolutionProperties) = preSolution
		HideSolutionNode = FALSE
	EndGlobalSection
	GlobalSection(ExtensibilityGlobals) = postSolution
		SolutionGuid = {E81C27EE-0845-44BC-960C-0E08C6B6735A}
	EndGlobalSection
EndGlobal
